
Microsoft Visual Studio Solution File, Format Version 12.00
# Visual Studio Version 17
VisualStudioVersion = 17.2.32516.85
MinimumVisualStudioVersion = 10.0.40219.1
Project("{FAE04EC0-301F-11D3-BF4B-00C04F79EFBC}") = "WebApplication1", "WebApplication1\WebApplication1.csproj", "{3E3C8D96-20F9-4AFC-A996-92DC06154B97}"
EndProject
Global
	GlobalSection(SolutionConfigurationPlatforms) = preSolution
		Debug|Any CPU = Debug|Any CPU
		Release|Any CPU = Release|Any CPU
	EndGlobalSection
	GlobalSection(ProjectConfigurationPlatforms) = postSolution
		{3E3C8D96-20F9-4AFC-A996-92DC06154B97}.Debug|Any CPU.ActiveCfg = Debug|Any CPU
		{3E3C8D96-20F9-4AFC-A996-92DC06154B97}.Debug|Any CPU.Build.0 = Debug|Any CPU
		{3E3C8D96-20F9-4AFC-A996-92DC06154B97}.Release|Any CPU.ActiveCfg = Release|Any CPU
		{3E3C8D96-20F9-4AFC-A996-92DC06154B97}.Release|Any CPU.Build.0 = Release|Any CPU
	EndGlobalSection
	GlobalSection(SolutionProperties) = preSolution
		HideSolutionNode = FALSE
	EndGlobalSection
	GlobalSection(ExtensibilityGlobals) = postSolution
		SolutionGuid = {CFD072E6-EC53-4741-912D-C97224FFDD9C}
	EndGlobalSection
EndGlobal
